lockfileVersion: '6.0'

settings:
  autoInstallPeers: true
  excludeLinksFromLockfile: false

importers:

  .:
    devDependencies:
      '@biomejs/biome':
        specifier: 2.1.2
        version: 2.1.2

  packages/api:
    dependencies:
      '@hono/node-server':
        specifier: ^1.13.7
        version: 1.13.7(hono@4.8.7)
      '@hono/swagger-ui':
        specifier: ^0.5.2
        version: 0.5.2(hono@4.8.7)
      '@hono/zod-openapi':
        specifier: ^1.0.2
        version: 1.0.2(hono@4.8.7)(zod@4.0.0)
      '@prisma/client':
        specifier: ^6.12.0
        version: 6.12.0(prisma@6.12.0)(typescript@5.8.3)
      hono:
        specifier: ^4.8.7
        version: 4.8.7
      zod:
        specifier: ^4.0.0
        version: 4.0.0
    devDependencies:
      '@types/node':
        specifier: ^24.1.0
        version: 24.1.0
      prisma:
        specifier: ^6.12.0
        version: 6.12.0(typescript@5.8.3)
      tsx:
        specifier: ^4.19.2
        version: 4.19.2
      typescript:
        specifier: ^5.8.3
        version: 5.8.3

  packages/web:
    dependencies:
      next:
        specifier: ^15.4.4
        version: 15.4.4(react-dom@19.1.0)(react@19.1.0)
      openapi-fetch:
        specifier: ^0.13.3
        version: 0.13.3
      react:
        specifier: ^19.1.0
        version: 19.1.0
      react-dom:
        specifier: ^19.1.0
        version: 19.1.0(react@19.1.0)
    devDependencies:
      '@types/node':
        specifier: ^24.1.0
        version: 24.1.0
      '@types/react':
        specifier: ^19.1.8
        version: 19.1.8
      '@types/react-dom':
        specifier: ^19.1.6
        version: 19.1.6(@types/react@19.1.8)
      openapi-typescript:
        specifier: ^7.5.3
        version: 7.6.0(typescript@5.8.3)
      typescript:
        specifier: ^5.8.3
        version: 5.8.3

packages:

  /@asteasolutions/zod-to-openapi@8.1.0(zod@4.0.0):
    resolution: {integrity: sha512-tQFxVs05J/6QXXqIzj6rTRk3nj1HFs4pe+uThwE95jL5II2JfpVXkK+CqkO7aT0Do5AYqO6LDrKpleLUFXgY+g==}
    peerDependencies:
      zod: ^4.0.0
    dependencies:
      openapi3-ts: 4.5.0
      zod: 4.0.0
    dev: false

  /@babel/code-frame@7.27.1:
    resolution: {integrity: sha512-cjQ7ZlQ0Mv3b47hABuTevyTuYN4i+loJKGeV9flcCgIK37cCXRh+L1bd3iBHlynerhQ7BhCkn2BPbQUL+rGqFg==}
    engines: {node: '>=6.9.0'}
    dependencies:
      '@babel/helper-validator-identifier': 7.27.1
      js-tokens: 4.0.0
      picocolors: 1.1.1
    dev: true

  /@babel/helper-validator-identifier@7.27.1:
    resolution: {integrity: sha512-D2hP9eA+Sqx1kBZgzxZh0y1trbuU+JoDkiEwqhQ36nodYqJwyEIhPSdMNd7lOm/4io72luTPWH20Yda0xOuUow==}
    engines: {node: '>=6.9.0'}
    dev: true

  /@biomejs/biome@2.1.2:
    resolution: {integrity: sha512-yq8ZZuKuBVDgAS76LWCfFKHSYIAgqkxVB3mGVVpOe2vSkUTs7xG46zXZeNPRNVjiJuw0SZ3+J2rXiYx0RUpfGg==}
    engines: {node: '>=14.21.3'}
    hasBin: true
    optionalDependencies:
      '@biomejs/cli-darwin-arm64': 2.1.2
      '@biomejs/cli-darwin-x64': 2.1.2
      '@biomejs/cli-linux-arm64': 2.1.2
      '@biomejs/cli-linux-arm64-musl': 2.1.2
      '@biomejs/cli-linux-x64': 2.1.2
      '@biomejs/cli-linux-x64-musl': 2.1.2
      '@biomejs/cli-win32-arm64': 2.1.2
      '@biomejs/cli-win32-x64': 2.1.2
    dev: true

  /@biomejs/cli-darwin-arm64@2.1.2:
    resolution: {integrity: sha512-leFAks64PEIjc7MY/cLjE8u5OcfBKkcDB0szxsWUB4aDfemBep1WVKt0qrEyqZBOW8LPHzrFMyDl3FhuuA0E7g==}
    engines: {node: '>=14.21.3'}
    cpu: [arm64]
    os: [darwin]
    requiresBuild: true
    dev: true
    optional: true

  /@biomejs/cli-darwin-x64@2.1.2:
    resolution: {integrity: sha512-Nmmv7wRX5Nj7lGmz0FjnWdflJg4zii8Ivruas6PBKzw5SJX/q+Zh2RfnO+bBnuKLXpj8kiI2x2X12otpH6a32A==}
    engines: {node: '>=14.21.3'}
    cpu: [x64]
    os: [darwin]
    requiresBuild: true
    dev: true
    optional: true

  /@biomejs/cli-linux-arm64-musl@2.1.2:
    resolution: {integrity: sha512-qgHvafhjH7Oca114FdOScmIKf1DlXT1LqbOrrbR30kQDLFPEOpBG0uzx6MhmsrmhGiCFCr2obDamu+czk+X0HQ==}
    engines: {node: '>=14.21.3'}
    cpu: [arm64]
    os: [linux]
    requiresBuild: true
    dev: true
    optional: true

  /@biomejs/cli-linux-arm64@2.1.2:
    resolution: {integrity: sha512-NWNy2Diocav61HZiv2enTQykbPP/KrA/baS7JsLSojC7Xxh2nl9IczuvE5UID7+ksRy2e7yH7klm/WkA72G1dw==}
    engines: {node: '>=14.21.3'}
    cpu: [arm64]
    os: [linux]
    requiresBuild: true
    dev: true
    optional: true

  /@biomejs/cli-linux-x64-musl@2.1.2:
    resolution: {integrity: sha512-xlB3mU14ZUa3wzLtXfmk2IMOGL+S0aHFhSix/nssWS/2XlD27q+S6f0dlQ8WOCbYoXcuz8BCM7rCn2lxdTrlQA==}
    engines: {node: '>=14.21.3'}
    cpu: [x64]
    os: [linux]
    requiresBuild: true
    dev: true
    optional: true

  /@biomejs/cli-linux-x64@2.1.2:
    resolution: {integrity: sha512-Km/UYeVowygTjpX6sGBzlizjakLoMQkxWbruVZSNE6osuSI63i4uCeIL+6q2AJlD3dxoiBJX70dn1enjQnQqwA==}
    engines: {node: '>=14.21.3'}
    cpu: [x64]
    os: [linux]
    requiresBuild: true
    dev: true
    optional: true

  /@biomejs/cli-win32-arm64@2.1.2:
    resolution: {integrity: sha512-G8KWZli5ASOXA3yUQgx+M4pZRv3ND16h77UsdunUL17uYpcL/UC7RkWTdkfvMQvogVsAuz5JUcBDjgZHXxlKoA==}
    engines: {node: '>=14.21.3'}
    cpu: [arm64]
    os: [win32]
    requiresBuild: true
    dev: true
    optional: true

  /@biomejs/cli-win32-x64@2.1.2:
    resolution: {integrity: sha512-9zajnk59PMpjBkty3bK2IrjUsUHvqe9HWwyAWQBjGLE7MIBjbX2vwv1XPEhmO2RRuGoTkVx3WCanHrjAytICLA==}
    engines: {node: '>=14.21.3'}
    cpu: [x64]
    os: [win32]
    requiresBuild: true
    dev: true
    optional: true

  /@emnapi/runtime@1.4.5:
    resolution: {integrity: sha512-++LApOtY0pEEz1zrd9vy1/zXVaVJJ/EbAF3u0fXIzPJEDtnITsBGbbK0EkM72amhl/R5b+5xx0Y/QhcVOpuulg==}
    requiresBuild: true
    dependencies:
      tslib: 2.8.1
    dev: false
    optional: true

  /@esbuild/aix-ppc64@0.23.1:
    resolution: {integrity: sha512-6VhYk1diRqrhBAqpJEdjASR/+WVRtfjpqKuNw11cLiaWpAT/Uu+nokB+UJnevzy/P9C/ty6AOe0dwueMrGh/iQ==}
    engines: {node: '>=18'}
    cpu: [ppc64]
    os: [aix]
    requiresBuild: true
    dev: true
    optional: true

  /@esbuild/android-arm64@0.23.1:
    resolution: {integrity: sha512-xw50ipykXcLstLeWH7WRdQuysJqejuAGPd30vd1i5zSyKK3WE+ijzHmLKxdiCMtH1pHz78rOg0BKSYOSB/2Khw==}
    engines: {node: '>=18'}
    cpu: [arm64]
    os: [android]
    requiresBuild: true
    dev: true
    optional: true

  /@esbuild/android-arm@0.23.1:
    resolution: {integrity: sha512-uz6/tEy2IFm9RYOyvKl88zdzZfwEfKZmnX9Cj1BHjeSGNuGLuMD1kR8y5bteYmwqKm1tj8m4cb/aKEorr6fHWQ==}
    engines: {node: '>=18'}
    cpu: [arm]
    os: [android]
    requiresBuild: true
    dev: true
    optional: true

  /@esbuild/android-x64@0.23.1:
    resolution: {integrity: sha512-nlN9B69St9BwUoB+jkyU090bru8L0NA3yFvAd7k8dNsVH8bi9a8cUAUSEcEEgTp2z3dbEDGJGfP6VUnkQnlReg==}
    engines: {node: '>=18'}
    cpu: [x64]
    os: [android]
    requiresBuild: true
    dev: true
    optional: true

  /@esbuild/darwin-arm64@0.23.1:
    resolution: {integrity: sha512-YsS2e3Wtgnw7Wq53XXBLcV6JhRsEq8hkfg91ESVadIrzr9wO6jJDMZnCQbHm1Guc5t/CdDiFSSfWP58FNuvT3Q==}
    engines: {node: '>=18'}
    cpu: [arm64]
    os: [darwin]
    requiresBuild: true
    dev: true
    optional: true

  /@esbuild/darwin-x64@0.23.1:
    resolution: {integrity: sha512-aClqdgTDVPSEGgoCS8QDG37Gu8yc9lTHNAQlsztQ6ENetKEO//b8y31MMu2ZaPbn4kVsIABzVLXYLhCGekGDqw==}
    engines: {node: '>=18'}
    cpu: [x64]
    os: [darwin]
    requiresBuild: true
    dev: true
    optional: true

  /@esbuild/freebsd-arm64@0.23.1:
    resolution: {integrity: sha512-h1k6yS8/pN/NHlMl5+v4XPfikhJulk4G+tKGFIOwURBSFzE8bixw1ebjluLOjfwtLqY0kewfjLSrO6tN2MgIhA==}
    engines: {node: '>=18'}
    cpu: [arm64]
    os: [freebsd]
    requiresBuild: true
    dev: true
    optional: true

  /@esbuild/freebsd-x64@0.23.1:
    resolution: {integrity: sha512-lK1eJeyk1ZX8UklqFd/3A60UuZ/6UVfGT2LuGo3Wp4/z7eRTRYY+0xOu2kpClP+vMTi9wKOfXi2vjUpO1Ro76g==}
    engines: {node: '>=18'}
    cpu: [x64]
    os: [freebsd]
    requiresBuild: true
    dev: true
    optional: true

  /@esbuild/linux-arm64@0.23.1:
    resolution: {integrity: sha512-/93bf2yxencYDnItMYV/v116zff6UyTjo4EtEQjUBeGiVpMmffDNUyD9UN2zV+V3LRV3/on4xdZ26NKzn6754g==}
    engines: {node: '>=18'}
    cpu: [arm64]
    os: [linux]
    requiresBuild: true
    dev: true
    optional: true

  /@esbuild/linux-arm@0.23.1:
    resolution: {integrity: sha512-CXXkzgn+dXAPs3WBwE+Kvnrf4WECwBdfjfeYHpMeVxWE0EceB6vhWGShs6wi0IYEqMSIzdOF1XjQ/Mkm5d7ZdQ==}
    engines: {node: '>=18'}
    cpu: [arm]
    os: [linux]
    requiresBuild: true
    dev: true
    optional: true

  /@esbuild/linux-ia32@0.23.1:
    resolution: {integrity: sha512-VTN4EuOHwXEkXzX5nTvVY4s7E/Krz7COC8xkftbbKRYAl96vPiUssGkeMELQMOnLOJ8k3BY1+ZY52tttZnHcXQ==}
    engines: {node: '>=18'}
    cpu: [ia32]
    os: [linux]
    requiresBuild: true
    dev: true
    optional: true

  /@esbuild/linux-loong64@0.23.1:
    resolution: {integrity: sha512-Vx09LzEoBa5zDnieH8LSMRToj7ir/Jeq0Gu6qJ/1GcBq9GkfoEAoXvLiW1U9J1qE/Y/Oyaq33w5p2ZWrNNHNEw==}
    engines: {node: '>=18'}
    cpu: [loong64]
    os: [linux]
    requiresBuild: true
    dev: true
    optional: true

  /@esbuild/linux-mips64el@0.23.1:
    resolution: {integrity: sha512-nrFzzMQ7W4WRLNUOU5dlWAqa6yVeI0P78WKGUo7lg2HShq/yx+UYkeNSE0SSfSure0SqgnsxPvmAUu/vu0E+3Q==}
    engines: {node: '>=18'}
    cpu: [mips64el]
    os: [linux]
    requiresBuild: true
    dev: true
    optional: true

  /@esbuild/linux-ppc64@0.23.1:
    resolution: {integrity: sha512-dKN8fgVqd0vUIjxuJI6P/9SSSe/mB9rvA98CSH2sJnlZ/OCZWO1DJvxj8jvKTfYUdGfcq2dDxoKaC6bHuTlgcw==}
    engines: {node: '>=18'}
    cpu: [ppc64]
    os: [linux]
    requiresBuild: true
    dev: true
    optional: true

  /@esbuild/linux-riscv64@0.23.1:
    resolution: {integrity: sha512-5AV4Pzp80fhHL83JM6LoA6pTQVWgB1HovMBsLQ9OZWLDqVY8MVobBXNSmAJi//Csh6tcY7e7Lny2Hg1tElMjIA==}
    engines: {node: '>=18'}
    cpu: [riscv64]
    os: [linux]
    requiresBuild: true
    dev: true
    optional: true

  /@esbuild/linux-s390x@0.23.1:
    resolution: {integrity: sha512-9ygs73tuFCe6f6m/Tb+9LtYxWR4c9yg7zjt2cYkjDbDpV/xVn+68cQxMXCjUpYwEkze2RcU/rMnfIXNRFmSoDw==}
    engines: {node: '>=18'}
    cpu: [s390x]
    os: [linux]
    requiresBuild: true
    dev: true
    optional: true

  /@esbuild/linux-x64@0.23.1:
    resolution: {integrity: sha512-EV6+ovTsEXCPAp58g2dD68LxoP/wK5pRvgy0J/HxPGB009omFPv3Yet0HiaqvrIrgPTBuC6wCH1LTOY91EO5hQ==}
    engines: {node: '>=18'}
    cpu: [x64]
    os: [linux]
    requiresBuild: true
    dev: true
    optional: true

  /@esbuild/netbsd-x64@0.23.1:
    resolution: {integrity: sha512-aevEkCNu7KlPRpYLjwmdcuNz6bDFiE7Z8XC4CPqExjTvrHugh28QzUXVOZtiYghciKUacNktqxdpymplil1beA==}
    engines: {node: '>=18'}
    cpu: [x64]
    os: [netbsd]
    requiresBuild: true
    dev: true
    optional: true

  /@esbuild/openbsd-arm64@0.23.1:
    resolution: {integrity: sha512-3x37szhLexNA4bXhLrCC/LImN/YtWis6WXr1VESlfVtVeoFJBRINPJ3f0a/6LV8zpikqoUg4hyXw0sFBt5Cr+Q==}
    engines: {node: '>=18'}
    cpu: [arm64]
    os: [openbsd]
    requiresBuild: true
    dev: true
    optional: true

  /@esbuild/openbsd-x64@0.23.1:
    resolution: {integrity: sha512-aY2gMmKmPhxfU+0EdnN+XNtGbjfQgwZj43k8G3fyrDM/UdZww6xrWxmDkuz2eCZchqVeABjV5BpildOrUbBTqA==}
    engines: {node: '>=18'}
    cpu: [x64]
    os: [openbsd]
    requiresBuild: true
    dev: true
    optional: true

  /@esbuild/sunos-x64@0.23.1:
    resolution: {integrity: sha512-RBRT2gqEl0IKQABT4XTj78tpk9v7ehp+mazn2HbUeZl1YMdaGAQqhapjGTCe7uw7y0frDi4gS0uHzhvpFuI1sA==}
    engines: {node: '>=18'}
    cpu: [x64]
    os: [sunos]
    requiresBuild: true
    dev: true
    optional: true

  /@esbuild/win32-arm64@0.23.1:
    resolution: {integrity: sha512-4O+gPR5rEBe2FpKOVyiJ7wNDPA8nGzDuJ6gN4okSA1gEOYZ67N8JPk58tkWtdtPeLz7lBnY6I5L3jdsr3S+A6A==}
    engines: {node: '>=18'}
    cpu: [arm64]
    os: [win32]
    requiresBuild: true
    dev: true
    optional: true

  /@esbuild/win32-ia32@0.23.1:
    resolution: {integrity: sha512-BcaL0Vn6QwCwre3Y717nVHZbAa4UBEigzFm6VdsVdT/MbZ38xoj1X9HPkZhbmaBGUD1W8vxAfffbDe8bA6AKnQ==}
    engines: {node: '>=18'}
    cpu: [ia32]
    os: [win32]
    requiresBuild: true
    dev: true
    optional: true

  /@esbuild/win32-x64@0.23.1:
    resolution: {integrity: sha512-BHpFFeslkWrXWyUPnbKm+xYYVYruCinGcftSBaa8zoF9hZO4BcSCFUvHVTtzpIY6YzUnYtuEhZ+C9iEXjxnasg==}
    engines: {node: '>=18'}
    cpu: [x64]
    os: [win32]
    requiresBuild: true
    dev: true
    optional: true

  /@hono/node-server@1.13.7(hono@4.8.7):
    resolution: {integrity: sha512-kTfUMsoloVKtRA2fLiGSd9qBddmru9KadNyhJCwgKBxTiNkaAJEwkVN9KV/rS4HtmmNRtUh6P+YpmjRMl0d9vQ==}
    engines: {node: '>=18.14.1'}
    peerDependencies:
      hono: ^4
    dependencies:
      hono: 4.8.7
    dev: false

  /@hono/swagger-ui@0.5.2(hono@4.8.7):
    resolution: {integrity: sha512-7wxLKdb8h7JTdZ+K8DJNE3KXQMIpJejkBTQjrYlUWF28Z1PGOKw6kUykARe5NTfueIN37jbyG/sBYsbzXzG53A==}
    peerDependencies:
      hono: '*'
    dependencies:
      hono: 4.8.7
    dev: false

  /@hono/zod-openapi@1.0.2(hono@4.8.7)(zod@4.0.0):
    resolution: {integrity: sha512-zbxUZEnA+NaeotXRI2YPL5GEbz38DiO7Zp1nx/7yXOA2ITkcASYsYe/My/I38c44GCu+oUVM899zn4TBVn7JRg==}
    engines: {node: '>=16.0.0'}
    peerDependencies:
      hono: '>=4.3.6'
      zod: ^4.0.0
    dependencies:
      '@asteasolutions/zod-to-openapi': 8.1.0(zod@4.0.0)
      '@hono/zod-validator': 0.7.2(hono@4.8.7)(zod@4.0.0)
      hono: 4.8.7
      openapi3-ts: 4.5.0
      zod: 4.0.0
    dev: false

  /@hono/zod-validator@0.7.2(hono@4.8.7)(zod@4.0.0):
    resolution: {integrity: sha512-ub5eL/NeZ4eLZawu78JpW/J+dugDAYhwqUIdp9KYScI6PZECij4Hx4UsrthlEUutqDDhPwRI0MscUfNkvn/mqQ==}
    peerDependencies:
      hono: '>=3.9.0'
      zod: ^3.25.0 || ^4.0.0
    dependencies:
      hono: 4.8.7
      zod: 4.0.0
    dev: false

  /@img/sharp-darwin-arm64@0.34.3:
    resolution: {integrity: sha512-ryFMfvxxpQRsgZJqBd4wsttYQbCxsJksrv9Lw/v798JcQ8+w84mBWuXwl+TT0WJ/WrYOLaYpwQXi3sA9nTIaIg==}
    engines: {node: ^18.17.0 || ^20.3.0 || >=21.0.0}
    cpu: [arm64]
    os: [darwin]
    requiresBuild: true
    optionalDependencies:
      '@img/sharp-libvips-darwin-arm64': 1.2.0
    dev: false
    optional: true

  /@img/sharp-darwin-x64@0.34.3:
    resolution: {integrity: sha512-yHpJYynROAj12TA6qil58hmPmAwxKKC7reUqtGLzsOHfP7/rniNGTL8tjWX6L3CTV4+5P4ypcS7Pp+7OB+8ihA==}
    engines: {node: ^18.17.0 || ^20.3.0 || >=21.0.0}
    cpu: [x64]
    os: [darwin]
    requiresBuild: true
    optionalDependencies:
      '@img/sharp-libvips-darwin-x64': 1.2.0
    dev: false
    optional: true

  /@img/sharp-libvips-darwin-arm64@1.2.0:
    resolution: {integrity: sha512-sBZmpwmxqwlqG9ueWFXtockhsxefaV6O84BMOrhtg/YqbTaRdqDE7hxraVE3y6gVM4eExmfzW4a8el9ArLeEiQ==}
    cpu: [arm64]
    os: [darwin]
    requiresBuild: true
    dev: false
    optional: true

  /@img/sharp-libvips-darwin-x64@1.2.0:
    resolution: {integrity: sha512-M64XVuL94OgiNHa5/m2YvEQI5q2cl9d/wk0qFTDVXcYzi43lxuiFTftMR1tOnFQovVXNZJ5TURSDK2pNe9Yzqg==}
    cpu: [x64]
    os: [darwin]
    requiresBuild: true
    dev: false
    optional: true

  /@img/sharp-libvips-linux-arm64@1.2.0:
    resolution: {integrity: sha512-RXwd0CgG+uPRX5YYrkzKyalt2OJYRiJQ8ED/fi1tq9WQW2jsQIn0tqrlR5l5dr/rjqq6AHAxURhj2DVjyQWSOA==}
    cpu: [arm64]
    os: [linux]
    requiresBuild: true
    dev: false
    optional: true

  /@img/sharp-libvips-linux-arm@1.2.0:
    resolution: {integrity: sha512-mWd2uWvDtL/nvIzThLq3fr2nnGfyr/XMXlq8ZJ9WMR6PXijHlC3ksp0IpuhK6bougvQrchUAfzRLnbsen0Cqvw==}
    cpu: [arm]
    os: [linux]
    requiresBuild: true
    dev: false
    optional: true

  /@img/sharp-libvips-linux-ppc64@1.2.0:
    resolution: {integrity: sha512-Xod/7KaDDHkYu2phxxfeEPXfVXFKx70EAFZ0qyUdOjCcxbjqyJOEUpDe6RIyaunGxT34Anf9ue/wuWOqBW2WcQ==}
    cpu: [ppc64]
    os: [linux]
    requiresBuild: true
    dev: false
    optional: true

  /@img/sharp-libvips-linux-s390x@1.2.0:
    resolution: {integrity: sha512-eMKfzDxLGT8mnmPJTNMcjfO33fLiTDsrMlUVcp6b96ETbnJmd4uvZxVJSKPQfS+odwfVaGifhsB07J1LynFehw==}
    cpu: [s390x]
    os: [linux]
    requiresBuild: true
    dev: false
    optional: true

  /@img/sharp-libvips-linux-x64@1.2.0:
    resolution: {integrity: sha512-ZW3FPWIc7K1sH9E3nxIGB3y3dZkpJlMnkk7z5tu1nSkBoCgw2nSRTFHI5pB/3CQaJM0pdzMF3paf9ckKMSE9Tg==}
    cpu: [x64]
    os: [linux]
    requiresBuild: true
    dev: false
    optional: true

  /@img/sharp-libvips-linuxmusl-arm64@1.2.0:
    resolution: {integrity: sha512-UG+LqQJbf5VJ8NWJ5Z3tdIe/HXjuIdo4JeVNADXBFuG7z9zjoegpzzGIyV5zQKi4zaJjnAd2+g2nna8TZvuW9Q==}
    cpu: [arm64]
    os: [linux]
    requiresBuild: true
    dev: false
    optional: true

  /@img/sharp-libvips-linuxmusl-x64@1.2.0:
    resolution: {integrity: sha512-SRYOLR7CXPgNze8akZwjoGBoN1ThNZoqpOgfnOxmWsklTGVfJiGJoC/Lod7aNMGA1jSsKWM1+HRX43OP6p9+6Q==}
    cpu: [x64]
    os: [linux]
    requiresBuild: true
    dev: false
    optional: true

  /@img/sharp-linux-arm64@0.34.3:
    resolution: {integrity: sha512-QdrKe3EvQrqwkDrtuTIjI0bu6YEJHTgEeqdzI3uWJOH6G1O8Nl1iEeVYRGdj1h5I21CqxSvQp1Yv7xeU3ZewbA==}
    engines: {node: ^18.17.0 || ^20.3.0 || >=21.0.0}
    cpu: [arm64]
    os: [linux]
    requiresBuild: true
    optionalDependencies:
      '@img/sharp-libvips-linux-arm64': 1.2.0
    dev: false
    optional: true

  /@img/sharp-linux-arm@0.34.3:
    resolution: {integrity: sha512-oBK9l+h6KBN0i3dC8rYntLiVfW8D8wH+NPNT3O/WBHeW0OQWCjfWksLUaPidsrDKpJgXp3G3/hkmhptAW0I3+A==}
    engines: {node: ^18.17.0 || ^20.3.0 || >=21.0.0}
    cpu: [arm]
    os: [linux]
    requiresBuild: true
    optionalDependencies:
      '@img/sharp-libvips-linux-arm': 1.2.0
    dev: false
    optional: true

  /@img/sharp-linux-ppc64@0.34.3:
    resolution: {integrity: sha512-GLtbLQMCNC5nxuImPR2+RgrviwKwVql28FWZIW1zWruy6zLgA5/x2ZXk3mxj58X/tszVF69KK0Is83V8YgWhLA==}
    engines: {node: ^18.17.0 || ^20.3.0 || >=21.0.0}
    cpu: [ppc64]
    os: [linux]
    requiresBuild: true
    optionalDependencies:
      '@img/sharp-libvips-linux-ppc64': 1.2.0
    dev: false
    optional: true

  /@img/sharp-linux-s390x@0.34.3:
    resolution: {integrity: sha512-3gahT+A6c4cdc2edhsLHmIOXMb17ltffJlxR0aC2VPZfwKoTGZec6u5GrFgdR7ciJSsHT27BD3TIuGcuRT0KmQ==}
    engines: {node: ^18.17.0 || ^20.3.0 || >=21.0.0}
    cpu: [s390x]
    os: [linux]
    requiresBuild: true
    optionalDependencies:
      '@img/sharp-libvips-linux-s390x': 1.2.0
    dev: false
    optional: true

  /@img/sharp-linux-x64@0.34.3:
    resolution: {integrity: sha512-8kYso8d806ypnSq3/Ly0QEw90V5ZoHh10yH0HnrzOCr6DKAPI6QVHvwleqMkVQ0m+fc7EH8ah0BB0QPuWY6zJQ==}
    engines: {node: ^18.17.0 || ^20.3.0 || >=21.0.0}
    cpu: [x64]
    os: [linux]
    requiresBuild: true
    optionalDependencies:
      '@img/sharp-libvips-linux-x64': 1.2.0
    dev: false
    optional: true

  /@img/sharp-linuxmusl-arm64@0.34.3:
    resolution: {integrity: sha512-vAjbHDlr4izEiXM1OTggpCcPg9tn4YriK5vAjowJsHwdBIdx0fYRsURkxLG2RLm9gyBq66gwtWI8Gx0/ov+JKQ==}
    engines: {node: ^18.17.0 || ^20.3.0 || >=21.0.0}
    cpu: [arm64]
    os: [linux]
    requiresBuild: true
    optionalDependencies:
      '@img/sharp-libvips-linuxmusl-arm64': 1.2.0
    dev: false
    optional: true

  /@img/sharp-linuxmusl-x64@0.34.3:
    resolution: {integrity: sha512-gCWUn9547K5bwvOn9l5XGAEjVTTRji4aPTqLzGXHvIr6bIDZKNTA34seMPgM0WmSf+RYBH411VavCejp3PkOeQ==}
    engines: {node: ^18.17.0 || ^20.3.0 || >=21.0.0}
    cpu: [x64]
    os: [linux]
    requiresBuild: true
    optionalDependencies:
      '@img/sharp-libvips-linuxmusl-x64': 1.2.0
    dev: false
    optional: true

  /@img/sharp-wasm32@0.34.3:
    resolution: {integrity: sha512-+CyRcpagHMGteySaWos8IbnXcHgfDn7pO2fiC2slJxvNq9gDipYBN42/RagzctVRKgxATmfqOSulgZv5e1RdMg==}
    engines: {node: ^18.17.0 || ^20.3.0 || >=21.0.0}
    cpu: [wasm32]
    requiresBuild: true
    dependencies:
      '@emnapi/runtime': 1.4.5
    dev: false
    optional: true

  /@img/sharp-win32-arm64@0.34.3:
    resolution: {integrity: sha512-MjnHPnbqMXNC2UgeLJtX4XqoVHHlZNd+nPt1kRPmj63wURegwBhZlApELdtxM2OIZDRv/DFtLcNhVbd1z8GYXQ==}
    engines: {node: ^18.17.0 || ^20.3.0 || >=21.0.0}
    cpu: [arm64]
    os: [win32]
    requiresBuild: true
    dev: false
    optional: true

  /@img/sharp-win32-ia32@0.34.3:
    resolution: {integrity: sha512-xuCdhH44WxuXgOM714hn4amodJMZl3OEvf0GVTm0BEyMeA2to+8HEdRPShH0SLYptJY1uBw+SCFP9WVQi1Q/cw==}
    engines: {node: ^18.17.0 || ^20.3.0 || >=21.0.0}
    cpu: [ia32]
    os: [win32]
    requiresBuild: true
    dev: false
    optional: true

  /@img/sharp-win32-x64@0.34.3:
    resolution: {integrity: sha512-OWwz05d++TxzLEv4VnsTz5CmZ6mI6S05sfQGEMrNrQcOEERbX46332IvE7pO/EUiw7jUrrS40z/M7kPyjfl04g==}
    engines: {node: ^18.17.0 || ^20.3.0 || >=21.0.0}
    cpu: [x64]
    os: [win32]
    requiresBuild: true
    dev: false
    optional: true

  /@next/env@15.4.4:
    resolution: {integrity: sha512-SJKOOkULKENyHSYXE5+KiFU6itcIb6wSBjgM92meK0HVKpo94dNOLZVdLLuS7/BxImROkGoPsjR4EnuDucqiiA==}
    dev: false

  /@next/swc-darwin-arm64@15.4.4:
    resolution: {integrity: sha512-eVG55dnGwfUuG+TtnUCt+mEJ+8TGgul6nHEvdb8HEH7dmJIFYOCApAaFrIrxwtEq2Cdf+0m5sG1Np8cNpw9EAw==}
    engines: {node: '>= 10'}
    cpu: [arm64]
    os: [darwin]
    requiresBuild: true
    dev: false
    optional: true

  /@next/swc-darwin-x64@15.4.4:
    resolution: {integrity: sha512-zqG+/8apsu49CltEj4NAmCGZvHcZbOOOsNoTVeIXphYWIbE4l6A/vuQHyqll0flU2o3dmYCXsBW5FmbrGDgljQ==}
    engines: {node: '>= 10'}
    cpu: [x64]
    os: [darwin]
    requiresBuild: true
    dev: false
    optional: true

  /@next/swc-linux-arm64-gnu@15.4.4:
    resolution: {integrity: sha512-LRD4l2lq4R+2QCHBQVC0wjxxkLlALGJCwigaJ5FSRSqnje+MRKHljQNZgDCaKUZQzO/TXxlmUdkZP/X3KNGZaw==}
    engines: {node: '>= 10'}
    cpu: [arm64]
    os: [linux]
    requiresBuild: true
    dev: false
    optional: true

  /@next/swc-linux-arm64-musl@15.4.4:
    resolution: {integrity: sha512-LsGUCTvuZ0690fFWerA4lnQvjkYg9gHo12A3wiPUR4kCxbx/d+SlwmonuTH2SWZI+RVGA9VL3N0S03WTYv6bYg==}
    engines: {node: '>= 10'}
    cpu: [arm64]
    os: [linux]
    requiresBuild: true
    dev: false
    optional: true

  /@next/swc-linux-x64-gnu@15.4.4:
    resolution: {integrity: sha512-aOy5yNRpLL3wNiJVkFYl6w22hdREERNjvegE6vvtix8LHRdsTHhWTpgvcYdCK7AIDCQW5ATmzr9XkPHvSoAnvg==}
    engines: {node: '>= 10'}
    cpu: [x64]
    os: [linux]
    requiresBuild: true
    dev: false
    optional: true

  /@next/swc-linux-x64-musl@15.4.4:
    resolution: {integrity: sha512-FL7OAn4UkR8hKQRGBmlHiHinzOb07tsfARdGh7v0Z0jEJ3sz8/7L5bR23ble9E6DZMabSStqlATHlSxv1fuzAg==}
    engines: {node: '>= 10'}
    cpu: [x64]
    os: [linux]
    requiresBuild: true
    dev: false
    optional: true

  /@next/swc-win32-arm64-msvc@15.4.4:
    resolution: {integrity: sha512-eEdNW/TXwjYhOulQh0pffTMMItWVwKCQpbziSBmgBNFZIIRn2GTXrhrewevs8wP8KXWYMx8Z+mNU0X+AfvtrRg==}
    engines: {node: '>= 10'}
    cpu: [arm64]
    os: [win32]
    requiresBuild: true
    dev: false
    optional: true

  /@next/swc-win32-x64-msvc@15.4.4:
    resolution: {integrity: sha512-SE5pYNbn/xZKMy1RE3pAs+4xD32OI4rY6mzJa4XUkp/ItZY+OMjIgilskmErt8ls/fVJ+Ihopi2QIeW6O3TrMw==}
    engines: {node: '>= 10'}
    cpu: [x64]
    os: [win32]
    requiresBuild: true
    dev: false
    optional: true

  /@prisma/client@6.12.0(prisma@6.12.0)(typescript@5.8.3):
    resolution: {integrity: sha512-wn98bJ3Cj6edlF4jjpgXwbnQIo/fQLqqQHPk2POrZPxTlhY3+n90SSIF3LMRVa8VzRFC/Gec3YKJRxRu+AIGVA==}
    engines: {node: '>=18.18'}
    requiresBuild: true
    peerDependencies:
      prisma: '*'
      typescript: '>=5.1.0'
    peerDependenciesMeta:
      prisma:
        optional: true
      typescript:
        optional: true
    dependencies:
      prisma: 6.12.0(typescript@5.8.3)
      typescript: 5.8.3
    dev: false

  /@prisma/config@6.12.0:
    resolution: {integrity: sha512-HovZWzhWEMedHxmjefQBRZa40P81N7/+74khKFz9e1AFjakcIQdXgMWKgt20HaACzY+d1LRBC+L4tiz71t9fkg==}
    dependencies:
      jiti: 2.4.2

  /@prisma/debug@6.12.0:
    resolution: {integrity: sha512-plbz6z72orcqr0eeio7zgUrZj5EudZUpAeWkFTA/DDdXEj28YHDXuiakvR6S7sD6tZi+jiwQEJAPeV6J6m/tEQ==}

  /@prisma/engines-version@6.12.0-15.8047c96bbd92db98a2abc7c9323ce77c02c89dbc:
    resolution: {integrity: sha512-70vhecxBJlRr06VfahDzk9ow4k1HIaSfVUT3X0/kZoHCMl9zbabut4gEXAyzJZxaCGi5igAA7SyyfBI//mmkbQ==}

  /@prisma/engines@6.12.0:
    resolution: {integrity: sha512-4BRZZUaAuB4p0XhTauxelvFs7IllhPmNLvmla0bO1nkECs8n/o1pUvAVbQ/VOrZR5DnF4HED0PrGai+rIOVePA==}
    requiresBuild: true
    dependencies:
      '@prisma/debug': 6.12.0
      '@prisma/engines-version': 6.12.0-15.8047c96bbd92db98a2abc7c9323ce77c02c89dbc
      '@prisma/fetch-engine': 6.12.0
      '@prisma/get-platform': 6.12.0

  /@prisma/fetch-engine@6.12.0:
    resolution: {integrity: sha512-EamoiwrK46rpWaEbLX9aqKDPOd8IyLnZAkiYXFNuq0YsU0Z8K09/rH8S7feOWAVJ3xzeSgcEJtBlVDrajM9Sag==}
    dependencies:
      '@prisma/debug': 6.12.0
      '@prisma/engines-version': 6.12.0-15.8047c96bbd92db98a2abc7c9323ce77c02c89dbc
      '@prisma/get-platform': 6.12.0

  /@prisma/get-platform@6.12.0:
    resolution: {integrity: sha512-nRerTGhTlgyvcBlyWgt8OLNIV7QgJS2XYXMJD1hysorMCuLAjuDDuoxmVt7C2nLxbuxbWPp7OuFRHC23HqD9dA==}
    dependencies:
      '@prisma/debug': 6.12.0

  /@redocly/ajv@8.11.3:
    resolution: {integrity: sha512-4P3iZse91TkBiY+Dx5DUgxQ9GXkVJf++cmI0MOyLDxV9b5MUBI4II6ES8zA5JCbO72nKAJxWrw4PUPW+YP3ZDQ==}
    dependencies:
      fast-deep-equal: 3.1.3
      json-schema-traverse: 1.0.0
      require-from-string: 2.0.2
      uri-js-replace: 1.0.1
    dev: true

  /@redocly/config@0.22.2:
    resolution: {integrity: sha512-roRDai8/zr2S9YfmzUfNhKjOF0NdcOIqF7bhf4MVC5UxpjIysDjyudvlAiVbpPHp3eDRWbdzUgtkK1a7YiDNyQ==}
    dev: true

  /@redocly/openapi-core@1.34.5(supports-color@9.4.0):
    resolution: {integrity: sha512-0EbE8LRbkogtcCXU7liAyC00n9uNG9hJ+eMyHFdUsy9lB/WGqnEBgwjA9q2cyzAVcdTkQqTBBU1XePNnN3OijA==}
    engines: {node: '>=18.17.0', npm: '>=9.5.0'}
    dependencies:
      '@redocly/ajv': 8.11.3
      '@redocly/config': 0.22.2
      colorette: 1.4.0
      https-proxy-agent: 7.0.6(supports-color@9.4.0)
      js-levenshtein: 1.1.6
      js-yaml: 4.1.0
      minimatch: 5.1.6
      pluralize: 8.0.0
      yaml-ast-parser: 0.0.43
    transitivePeerDependencies:
      - supports-color
    dev: true

  /@swc/helpers@0.5.15:
    resolution: {integrity: sha512-JQ5TuMi45Owi4/BIMAJBoSQoOJu12oOk/gADqlcUL9JEdHB8vyjUSsxqeNXnmXHjYKMi2WcYtezGEEhqUI/E2g==}
    dependencies:
      tslib: 2.8.1
    dev: false

  /@types/node@24.1.0:
    resolution: {integrity: sha512-ut5FthK5moxFKH2T1CUOC6ctR67rQRvvHdFLCD2Ql6KXmMuCrjsSsRI9UsLCm9M18BMwClv4pn327UvB7eeO1w==}
    dependencies:
      undici-types: 7.8.0
    dev: true

  /@types/react-dom@19.1.6(@types/react@19.1.8):
    resolution: {integrity: sha512-4hOiT/dwO8Ko0gV1m/TJZYk3y0KBnY9vzDh7W+DH17b2HFSOGgdj33dhihPeuy3l0q23+4e+hoXHV6hCC4dCXw==}
    peerDependencies:
      '@types/react': ^19.0.0
    dependencies:
      '@types/react': 19.1.8
    dev: true

  /@types/react@19.1.8:
    resolution: {integrity: sha512-AwAfQ2Wa5bCx9WP8nZL2uMZWod7J7/JSplxbTmBQ5ms6QpqNYm672H0Vu9ZVKVngQ+ii4R/byguVEUZQyeg44g==}
    dependencies:
      csstype: 3.1.3
    dev: true

  /agent-base@7.1.4:
    resolution: {integrity: sha512-MnA+YT8fwfJPgBx3m60MNqakm30XOkyIoH1y6huTQvC0PwZG7ki8NacLBcrPbNoo8vEZy7Jpuk7+jMO+CUovTQ==}
    engines: {node: '>= 14'}
    dev: true

  /ansi-colors@4.1.3:
    resolution: {integrity: sha512-/6w/C21Pm1A7aZitlI5Ni/2J6FFQN8i1Cvz3kHABAAbw93v/NlvKdVOqz7CCWz/3iv/JplRSEEZ83XION15ovw==}
    engines: {node: '>=6'}
    dev: true

  /argparse@2.0.1:
    resolution: {integrity: sha512-8+9WqebbFzpX9OR+Wa6O29asIogeRMzcGtAINdpMHHyAg10f05aSFVBbcEqGf/PXw1EjAZ+q2/bEBg3DvurK3Q==}
    dev: true

  /balanced-match@1.0.2:
    resolution: {integrity: sha512-3oSeUO0TMV67hN1AmbXsK4yaqU7tjiHlbxRDZOpH0KW9+CeX4bRAaX0Anxt0tx2MrpRpWwQaPwIlISEJhYU5Pw==}
    dev: true

  /brace-expansion@2.0.2:
    resolution: {integrity: sha512-Jt0vHyM+jmUBqojB7E1NIYadt0vI0Qxjxd2TErW94wDz+E2LAm5vKMXXwg6ZZBTHPuUlDgQHKXvjGBdfcF1ZDQ==}
    dependencies:
      balanced-match: 1.0.2
    dev: true

  /caniuse-lite@1.0.30001727:
    resolution: {integrity: sha512-pB68nIHmbN6L/4C6MH1DokyR3bYqFwjaSs/sWDHGj4CTcFtQUQMuJftVwWkXq7mNWOybD3KhUv3oWHoGxgP14Q==}
    dev: false

  /change-case@5.4.4:
    resolution: {integrity: sha512-HRQyTk2/YPEkt9TnUPbOpr64Uw3KOicFWPVBb+xiHvd6eBx/qPr9xqfBFDT8P2vWsvvz4jbEkfDe71W3VyNu2w==}
    dev: true

  /client-only@0.0.1:
    resolution: {integrity: sha512-IV3Ou0jSMzZrd3pZ48nLkT9DA7Ag1pnPzaiQhpW7c3RbcqqzvzzVu+L8gfqMp/8IM2MQtSiqaCxrrcfu8I8rMA==}
    dev: false

  /color-convert@2.0.1:
    resolution: {integrity: sha512-RRECPsj7iu/xb5oKYcsFHSppFNnsj/52OVTRKb4zP5onXwVF3zVmmToNcOfGC+CRDpfK/U584fMg38ZHCaElKQ==}
    engines: {node: '>=7.0.0'}
    dependencies:
      color-name: 1.1.4
    dev: false
    optional: true

  /color-name@1.1.4:
    resolution: {integrity: sha512-dOy+3AuW3a2wNbZHIuMZpTcgjGuLU/uBL/ubcZF9OXbDo8ff4O8yVp5Bf0efS8uEoYo5q4Fx7dY9OgQGXgAsQA==}
    dev: false
    optional: true

  /color-string@1.9.1:
    resolution: {integrity: sha512-shrVawQFojnZv6xM40anx4CkoDP+fZsw/ZerEMsW/pyzsRbElpsL/DBVW7q3ExxwusdNXI3lXpuhEZkzs8p5Eg==}
    dependencies:
      color-name: 1.1.4
      simple-swizzle: 0.2.2
    dev: false
    optional: true

  /color@4.2.3:
    resolution: {integrity: sha512-1rXeuUUiGGrykh+CeBdu5Ie7OJwinCgQY0bc7GCRxy5xVHy+moaqkpL/jqQq0MtQOeYcrqEz4abc5f0KtU7W4A==}
    engines: {node: '>=12.5.0'}
    dependencies:
      color-convert: 2.0.1
      color-string: 1.9.1
    dev: false
    optional: true

  /colorette@1.4.0:
    resolution: {integrity: sha512-Y2oEozpomLn7Q3HFP7dpww7AtMJplbM9lGZP6RDfHqmbeRjiwRg4n6VM6j4KLmRke85uWEI7JqF17f3pqdRA0g==}
    dev: true

  /csstype@3.1.3:
    resolution: {integrity: sha512-M1uQkMl8rQK/szD0LNhtqxIPLpimGm8sOBwU7lLnCpSbTyY3yeU1Vc7l4KT5zT4s/yOxHH5O7tIuuLOCnLADRw==}
    dev: true

  /debug@4.4.1(supports-color@9.4.0):
    resolution: {integrity: sha512-KcKCqiftBJcZr++7ykoDIEwSa3XWowTfNPo92BYxjXiyYEVrUQh2aLyhxBCwww+heortUFxEJYcRzosstTEBYQ==}
    engines: {node: '>=6.0'}
    peerDependencies:
      supports-color: '*'
    peerDependenciesMeta:
      supports-color:
        optional: true
    dependencies:
      ms: 2.1.3
      supports-color: 9.4.0
    dev: true

  /detect-libc@2.0.4:
    resolution: {integrity: sha512-3UDv+G9CsCKO1WKMGw9fwq/SWJYbI0c5Y7LU1AXYoDdbhE2AHQ6N6Nb34sG8Fj7T5APy8qXDCKuuIHd1BR0tVA==}
    engines: {node: '>=8'}
    dev: false
    optional: true

  /esbuild@0.23.1:
    resolution: {integrity: sha512-VVNz/9Sa0bs5SELtn3f7qhJCDPCF5oMEl5cO9/SSinpE9hbPVvxbd572HH5AKiP7WD8INO53GgfDDhRjkylHEg==}
    engines: {node: '>=18'}
    hasBin: true
    requiresBuild: true
    optionalDependencies:
      '@esbuild/aix-ppc64': 0.23.1
      '@esbuild/android-arm': 0.23.1
      '@esbuild/android-arm64': 0.23.1
      '@esbuild/android-x64': 0.23.1
      '@esbuild/darwin-arm64': 0.23.1
      '@esbuild/darwin-x64': 0.23.1
      '@esbuild/freebsd-arm64': 0.23.1
      '@esbuild/freebsd-x64': 0.23.1
      '@esbuild/linux-arm': 0.23.1
      '@esbuild/linux-arm64': 0.23.1
      '@esbuild/linux-ia32': 0.23.1
      '@esbuild/linux-loong64': 0.23.1
      '@esbuild/linux-mips64el': 0.23.1
      '@esbuild/linux-ppc64': 0.23.1
      '@esbuild/linux-riscv64': 0.23.1
      '@esbuild/linux-s390x': 0.23.1
      '@esbuild/linux-x64': 0.23.1
      '@esbuild/netbsd-x64': 0.23.1
      '@esbuild/openbsd-arm64': 0.23.1
      '@esbuild/openbsd-x64': 0.23.1
      '@esbuild/sunos-x64': 0.23.1
      '@esbuild/win32-arm64': 0.23.1
      '@esbuild/win32-ia32': 0.23.1
      '@esbuild/win32-x64': 0.23.1
    dev: true

  /fast-deep-equal@3.1.3:
    resolution: {integrity: sha512-f3qQ9oQy9j2AhBe/H9VC91wLmKBCCU/gDOnKNAYG5hswO7BLKj09Hc5HYNz9cGI++xlpDCIgDaitVs03ATR84Q==}
    dev: true

  /fsevents@2.3.3:
    resolution: {integrity: sha512-5xoDfX+fL7faATnagmWPpbFtwh/R77WmMMqqHGS65C3vvB0YHrgF+B1YmZ3441tMj5n63k0212XNoJwzlhffQw==}
    engines: {node: ^8.16.0 || ^10.6.0 || >=11.0.0}
    os: [darwin]
    requiresBuild: true
    dev: true
    optional: true

  /get-tsconfig@4.10.1:
    resolution: {integrity: sha512-auHyJ4AgMz7vgS8Hp3N6HXSmlMdUyhSUrfBF16w153rxtLIEOE+HGqaBppczZvnHLqQJfiHotCYpNhl0lUROFQ==}
    dependencies:
      resolve-pkg-maps: 1.0.0
    dev: true

  /hono@4.8.7:
    resolution: {integrity: sha512-gS/IyUw6MzcdnOyVRcRshn9hc/EygYc75glsnI3iESod3kGg9Mz194Y9NWJN8O/4qybIoonyIq6E4agc/t0i/g==}
    engines: {node: '>=16.9.0'}
    dev: false

  /https-proxy-agent@7.0.6(supports-color@9.4.0):
    resolution: {integrity: sha512-vK9P5/iUfdl95AI+JVyUuIcVtd4ofvtrOr3HNtM2yxC9bnMbEdp3x01OhQNnjb8IJYi38VlTE3mBXwcfvywuSw==}
    engines: {node: '>= 14'}
    dependencies:
      agent-base: 7.1.4
      debug: 4.4.1(supports-color@9.4.0)
    transitivePeerDependencies:
      - supports-color
    dev: true

  /index-to-position@1.1.0:
    resolution: {integrity: sha512-XPdx9Dq4t9Qk1mTMbWONJqU7boCoumEH7fRET37HX5+khDUl3J2W6PdALxhILYlIYx2amlwYcRPp28p0tSiojg==}
    engines: {node: '>=18'}
    dev: true

  /is-arrayish@0.3.2:
    resolution: {integrity: sha512-eVRqCvVlZbuw3GrM63ovNSNAeA1K16kaR/LRY/92w0zxQ5/1YzwblUX652i4Xs9RwAGjW9d9y6X88t8OaAJfWQ==}
    dev: false
    optional: true

  /jiti@2.4.2:
    resolution: {integrity: sha512-rg9zJN+G4n2nfJl5MW3BMygZX56zKPNVEYYqq7adpmMh4Jn2QNEwhvQlFy6jPVdcod7txZtKHWnyZiA3a0zP7A==}
    hasBin: true

  /js-levenshtein@1.1.6:
    resolution: {integrity: sha512-X2BB11YZtrRqY4EnQcLX5Rh373zbK4alC1FW7D7MBhL2gtcC17cTnr6DmfHZeS0s2rTHjUTMMHfG7gO8SSdw+g==}
    engines: {node: '>=0.10.0'}
    dev: true

  /js-tokens@4.0.0:
    resolution: {integrity: sha512-RdJUflcE3cUzKiMqQgsCu06FPu9UdIJO0beYbPhHN4k6apgJtifcoCtT9bcxOpYBtpD2kCM6Sbzg4CausW/PKQ==}
    dev: true

  /js-yaml@4.1.0:
    resolution: {integrity: sha512-wpxZs9NoxZaJESJGIZTyDEaYpl0FKSA+FB9aJiyemKhMwkxQg63h4T1KJgUGHpTqPDNRcmmYLugrRjJlBtWvRA==}
    hasBin: true
    dependencies:
      argparse: 2.0.1
    dev: true

  /json-schema-traverse@1.0.0:
    resolution: {integrity: sha512-NM8/P9n3XjXhIZn1lLhkFaACTOURQXjWhV4BA/RnOv8xvgqtqpAX9IO4mRQxSx1Rlo4tqzeqb0sOlruaOy3dug==}
    dev: true

  /minimatch@5.1.6:
    resolution: {integrity: sha512-lKwV/1brpG6mBUFHtb7NUmtABCb2WZZmm2wNiOA5hAb8VdCS4B3dtMWyvcoViccwAW/COERjXLt0zP1zXUN26g==}
    engines: {node: '>=10'}
    dependencies:
      brace-expansion: 2.0.2
    dev: true

  /ms@2.1.3:
    resolution: {integrity: sha512-6FlzubTLZG3J2a/NVCAleEhjzq5oxgHyaCU9yYXvcLsvoVaHJq/s5xXI6/XXP6tz7R9xAOtHnSO/tXtF3WRTlA==}
    dev: true

  /nanoid@3.3.11:
    resolution: {integrity: sha512-N8SpfPUnUp1bK+PMYW8qSWdl9U+wwNWI4QKxOYDy9JAro3WMX7p2OeVRF9v+347pnakNevPmiHhNmZ2HbFA76w==}
    engines: {node: ^10 || ^12 || ^13.7 || ^14 || >=15.0.1}
    hasBin: true
    dev: false

  /next@15.4.4(react-dom@19.1.0)(react@19.1.0):
    resolution: {integrity: sha512-kNcubvJjOL9yUOfwtZF3HfDhuhp+kVD+FM2A6Tyua1eI/xfmY4r/8ZS913MMz+oWKDlbps/dQOWdDricuIkXLw==}
    engines: {node: ^18.18.0 || ^19.8.0 || >= 20.0.0}
    hasBin: true
    peerDependencies:
      '@opentelemetry/api': ^1.1.0
      '@playwright/test': ^1.51.1
      babel-plugin-react-compiler: '*'
      react: ^18.2.0 || 19.0.0-rc-de68d2f4-20241204 || ^19.0.0
      react-dom: ^18.2.0 || 19.0.0-rc-de68d2f4-20241204 || ^19.0.0
      sass: ^1.3.0
    peerDependenciesMeta:
      '@opentelemetry/api':
        optional: true
      '@playwright/test':
        optional: true
      babel-plugin-react-compiler:
        optional: true
      sass:
        optional: true
    dependencies:
      '@next/env': 15.4.4
      '@swc/helpers': 0.5.15
      caniuse-lite: 1.0.30001727
      postcss: 8.4.31
      react: 19.1.0
      react-dom: 19.1.0(react@19.1.0)
      styled-jsx: 5.1.6(react@19.1.0)
    optionalDependencies:
      '@next/swc-darwin-arm64': 15.4.4
      '@next/swc-darwin-x64': 15.4.4
      '@next/swc-linux-arm64-gnu': 15.4.4
      '@next/swc-linux-arm64-musl': 15.4.4
      '@next/swc-linux-x64-gnu': 15.4.4
      '@next/swc-linux-x64-musl': 15.4.4
      '@next/swc-win32-arm64-msvc': 15.4.4
      '@next/swc-win32-x64-msvc': 15.4.4
      sharp: 0.34.3
    transitivePeerDependencies:
      - '@babel/core'
      - babel-plugin-macros
    dev: false

  /openapi-fetch@0.13.3:
    resolution: {integrity: sha512-M1THnPkNOXUPsQKZfqunhW/wqH8l3/W3Vlj4lemQynf4mTaTwBTvL2pgjBe0zerL/GFT5ttCHu9fYvanUI3tOw==}
    dependencies:
      openapi-typescript-helpers: 0.0.15
    dev: false

  /openapi-typescript-helpers@0.0.15:
    resolution: {integrity: sha512-opyTPaunsklCBpTK8JGef6mfPhLSnyy5a0IN9vKtx3+4aExf+KxEqYwIy3hqkedXIB97u357uLMJsOnm3GVjsw==}
    dev: false

  /openapi-typescript@7.6.0(typescript@5.8.3):
    resolution: {integrity: sha512-p/xxKcWFR7aZDOAdnqYBQ1NdNyWdine+gHKHKvjxGXmlq8JT1G9+SkY8I5csKaktLHMbDDH6ZDeWQpydwBHa+Q==}
    hasBin: true
    peerDependencies:
      typescript: ^5.x
    dependencies:
      '@redocly/openapi-core': 1.34.5(supports-color@9.4.0)
      ansi-colors: 4.1.3
      change-case: 5.4.4
      parse-json: 8.3.0
      supports-color: 9.4.0
      typescript: 5.8.3
      yargs-parser: 21.1.1
    dev: true

  /openapi3-ts@4.5.0:
    resolution: {integrity: sha512-jaL+HgTq2Gj5jRcfdutgRGLosCy/hT8sQf6VOy+P+g36cZOjI1iukdPnijC+4CmeRzg/jEllJUboEic2FhxhtQ==}
    dependencies:
      yaml: 2.8.0
    dev: false

  /parse-json@8.3.0:
    resolution: {integrity: sha512-ybiGyvspI+fAoRQbIPRddCcSTV9/LsJbf0e/S85VLowVGzRmokfneg2kwVW/KU5rOXrPSbF1qAKPMgNTqqROQQ==}
    engines: {node: '>=18'}
    dependencies:
      '@babel/code-frame': 7.27.1
      index-to-position: 1.1.0
      type-fest: 4.41.0
    dev: true

  /picocolors@1.1.1:
    resolution: {integrity: sha512-xceH2snhtb5M9liqDsmEw56le376mTZkEX/jEb/RxNFyegNul7eNslCXP9FDj/Lcu0X8KEyMceP2ntpaHrDEVA==}

  /pluralize@8.0.0:
    resolution: {integrity: sha512-Nc3IT5yHzflTfbjgqWcCPpo7DaKy4FnpB0l/zCAW0Tc7jxAiuqSxHasntB3D7887LSrA93kDJ9IXovxJYxyLCA==}
    engines: {node: '>=4'}
    dev: true

  /postcss@8.4.31:
    resolution: {integrity: sha512-PS08Iboia9mts/2ygV3eLpY5ghnUcfLV/EXTOW1E2qYxJKGGBUtNjN76FYHnMs36RmARn41bC0AZmn+rR0OVpQ==}
    engines: {node: ^10 || ^12 || >=14}
    dependencies:
      nanoid: 3.3.11
      picocolors: 1.1.1
      source-map-js: 1.2.1
    dev: false

  /prisma@6.12.0(typescript@5.8.3):
    resolution: {integrity: sha512-pmV7NEqQej9WjizN6RSNIwf7Y+jeh9mY1JEX2WjGxJi4YZWexClhde1yz/FuvAM+cTwzchcMytu2m4I6wPkIzg==}
    engines: {node: '>=18.18'}
    hasBin: true
    requiresBuild: true
    peerDependencies:
      typescript: '>=5.1.0'
    peerDependenciesMeta:
      typescript:
        optional: true
    dependencies:
      '@prisma/config': 6.12.0
      '@prisma/engines': 6.12.0
      typescript: 5.8.3

  /react-dom@19.1.0(react@19.1.0):
    resolution: {integrity: sha512-Xs1hdnE+DyKgeHJeJznQmYMIBG3TKIHJJT95Q58nHLSrElKlGQqDTR2HQ9fx5CN/Gk6Vh/kupBTDLU11/nDk/g==}
    peerDependencies:
      react: ^19.1.0
    dependencies:
      react: 19.1.0
      scheduler: 0.26.0
    dev: false

  /react@19.1.0:
    resolution: {integrity: sha512-FS+XFBNvn3GTAWq26joslQgWNoFu08F4kl0J4CgdNKADkdSGXQyTCnKteIAJy96Br6YbpEU1LSzV5dYtjMkMDg==}
    engines: {node: '>=0.10.0'}
    dev: false

  /require-from-string@2.0.2:
    resolution: {integrity: sha512-Xf0nWe6RseziFMu+Ap9biiUbmplq6S9/p+7w7YXP/JBHhrUDDUhwa+vANyubuqfZWTveU//DYVGsDG7RKL/vEw==}
    engines: {node: '>=0.10.0'}
    dev: true

  /resolve-pkg-maps@1.0.0:
    resolution: {integrity: sha512-seS2Tj26TBVOC2NIc2rOe2y2ZO7efxITtLZcGSOnHHNOQ7CkiUBfw0Iw2ck6xkIhPwLhKNLS8BO+hEpngQlqzw==}
    dev: true

  /scheduler@0.26.0:
    resolution: {integrity: sha512-NlHwttCI/l5gCPR3D1nNXtWABUmBwvZpEQiD4IXSbIDq8BzLIK/7Ir5gTFSGZDUu37K5cMNp0hFtzO38sC7gWA==}
    dev: false

  /semver@7.7.2:
    resolution: {integrity: sha512-RF0Fw+rO5AMf9MAyaRXI4AV0Ulj5lMHqVxxdSgiVbixSCXoEmmX/jk0CuJw4+3SqroYO9VoUh+HcuJivvtJemA==}
    engines: {node: '>=10'}
    hasBin: true
    dev: false
    optional: true

  /sharp@0.34.3:
    resolution: {integrity: sha512-eX2IQ6nFohW4DbvHIOLRB3MHFpYqaqvXd3Tp5e/T/dSH83fxaNJQRvDMhASmkNTsNTVF2/OOopzRCt7xokgPfg==}
    engines: {node: ^18.17.0 || ^20.3.0 || >=21.0.0}
    requiresBuild: true
    dependencies:
      color: 4.2.3
      detect-libc: 2.0.4
      semver: 7.7.2
    optionalDependencies:
      '@img/sharp-darwin-arm64': 0.34.3
      '@img/sharp-darwin-x64': 0.34.3
      '@img/sharp-libvips-darwin-arm64': 1.2.0
      '@img/sharp-libvips-darwin-x64': 1.2.0
      '@img/sharp-libvips-linux-arm': 1.2.0
      '@img/sharp-libvips-linux-arm64': 1.2.0
      '@img/sharp-libvips-linux-ppc64': 1.2.0
      '@img/sharp-libvips-linux-s390x': 1.2.0
      '@img/sharp-libvips-linux-x64': 1.2.0
      '@img/sharp-libvips-linuxmusl-arm64': 1.2.0
      '@img/sharp-libvips-linuxmusl-x64': 1.2.0
      '@img/sharp-linux-arm': 0.34.3
      '@img/sharp-linux-arm64': 0.34.3
      '@img/sharp-linux-ppc64': 0.34.3
      '@img/sharp-linux-s390x': 0.34.3
      '@img/sharp-linux-x64': 0.34.3
      '@img/sharp-linuxmusl-arm64': 0.34.3
      '@img/sharp-linuxmusl-x64': 0.34.3
      '@img/sharp-wasm32': 0.34.3
      '@img/sharp-win32-arm64': 0.34.3
      '@img/sharp-win32-ia32': 0.34.3
      '@img/sharp-win32-x64': 0.34.3
    dev: false
    optional: true

  /simple-swizzle@0.2.2:
    resolution: {integrity: sha512-JA//kQgZtbuY83m+xT+tXJkmJncGMTFT+C+g2h2R9uxkYIrE2yy9sgmcLhCnw57/WSD+Eh3J97FPEDFnbXnDUg==}
    dependencies:
      is-arrayish: 0.3.2
    dev: false
    optional: true

  /source-map-js@1.2.1:
    resolution: {integrity: sha512-UXWMKhLOwVKb728IUtQPXxfYU+usdybtUrK/8uGE8CQMvrhOpwvzDBwj0QhSL7MQc7vIsISBG8VQ8+IDQxpfQA==}
    engines: {node: '>=0.10.0'}
    dev: false

  /styled-jsx@5.1.6(react@19.1.0):
    resolution: {integrity: sha512-qSVyDTeMotdvQYoHWLNGwRFJHC+i+ZvdBRYosOFgC+Wg1vx4frN2/RG/NA7SYqqvKNLf39P2LSRA2pu6n0XYZA==}
    engines: {node: '>= 12.0.0'}
    peerDependencies:
      '@babel/core': '*'
      babel-plugin-macros: '*'
      react: '>= 16.8.0 || 17.x.x || ^18.0.0-0 || ^19.0.0-0'
    peerDependenciesMeta:
      '@babel/core':
        optional: true
      babel-plugin-macros:
        optional: true
    dependencies:
      client-only: 0.0.1
      react: 19.1.0
    dev: false

  /supports-color@9.4.0:
    resolution: {integrity: sha512-VL+lNrEoIXww1coLPOmiEmK/0sGigko5COxI09KzHc2VJXJsQ37UaQ+8quuxjDeA7+KnLGTWRyOXSLLR2Wb4jw==}
    engines: {node: '>=12'}
    dev: true

  /tslib@2.8.1:
    resolution: {integrity: sha512-oJFu94HQb+KVduSUQL7wnpmqnfmLsOA/nAh6b6EH0wCEoK0/mPeXU6c3wKDV83MkOuHPRHtSXKKU99IBazS/2w==}
    dev: false

  /tsx@4.19.2:
    resolution: {integrity: sha512-pOUl6Vo2LUq/bSa8S5q7b91cgNSjctn9ugq/+Mvow99qW6x/UZYwzxy/3NmqoT66eHYfCVvFvACC58UBPFf28g==}
    engines: {node: '>=18.0.0'}
    hasBin: true
    dependencies:
      esbuild: 0.23.1
      get-tsconfig: 4.10.1
    optionalDependencies:
      fsevents: 2.3.3
    dev: true

  /type-fest@4.41.0:
    resolution: {integrity: sha512-TeTSQ6H5YHvpqVwBRcnLDCBnDOHWYu7IvGbHT6N8AOymcr9PJGjc1GTtiWZTYg0NCgYwvnYWEkVChQAr9bjfwA==}
    engines: {node: '>=16'}
    dev: true

  /typescript@5.8.3:
    resolution: {integrity: sha512-p1diW6TqL9L07nNxvRMM7hMMw4c5XOo/1ibL4aAIGmSAt9slTE1Xgw5KWuof2uTOvCg9BY7ZRi+GaF+7sfgPeQ==}
    engines: {node: '>=14.17'}
    hasBin: true

  /undici-types@7.8.0:
    resolution: {integrity: sha512-9UJ2xGDvQ43tYyVMpuHlsgApydB8ZKfVYTsLDhXkFL/6gfkp+U8xTGdh8pMJv1SpZna0zxG1DwsKZsreLbXBxw==}
    dev: true

  /uri-js-replace@1.0.1:
    resolution: {integrity: sha512-W+C9NWNLFOoBI2QWDp4UT9pv65r2w5Cx+3sTYFvtMdDBxkKt1syCqsUdSFAChbEe1uK5TfS04wt/nGwmaeIQ0g==}
    dev: true

  /yaml-ast-parser@0.0.43:
    resolution: {integrity: sha512-2PTINUwsRqSd+s8XxKaJWQlUuEMHJQyEuh2edBbW8KNJz0SJPwUSD2zRWqezFEdN7IzAgeuYHFUCF7o8zRdZ0A==}
    dev: true

  /yaml@2.8.0:
    resolution: {integrity: sha512-4lLa/EcQCB0cJkyts+FpIRx5G/llPxfP6VQU5KByHEhLxY3IJCH0f0Hy1MHI8sClTvsIb8qwRJ6R/ZdlDJ/leQ==}
    engines: {node: '>= 14.6'}
    hasBin: true
    dev: false

  /yargs-parser@21.1.1:
    resolution: {integrity: sha512-tVpsJW7DdjecAiFpbIB1e3qxIQsE6NoPc5/eTdrbbIC4h0LVsWhnoa3g+m2HclBIujHzsxZ4VJVA+GUuc2/LBw==}
    engines: {node: '>=12'}
    dev: true

  /zod@4.0.0:
    resolution: {integrity: sha512-9diLdTPc/L7w/5jI4C3gHYNiGHDV9IZYxo1e5LSD8cabi65WVTWWb+g2BGPEpUUCOxR4D+6O5B0AzyMdUAXwrw==}
    dev: false
